{
  "name": "@klny/performance-test",
  "version": "1.0.0",
  "lockfileVersion": 1,
  "requires": true,
  "dependencies": {
    "@klny/function-wrapper": {
      "version": "1.1.0",
      "resolved": "https://registry.npmjs.org/@klny/function-wrapper/-/function-wrapper-1.1.0.tgz",
      "integrity": "sha512-U7SOhiwvkPAfOK+rQo5t4tPNRk3wVsFArqxa2FrxCyb1rWgUHamKtJRwwZHOVB33nrEsvnWVbIwCTpButqbQkw=="
    },
    "@klny/text-table": {
      "version": "1.0.2",
      "resolved": "https://registry.npmjs.org/@klny/text-table/-/text-table-1.0.2.tgz",
      "integrity": "sha512-+QWb8RLp0gsb+sguiTVAGPojWqnfPLhqoB4VsUGjWR0hZtoqrCFpNnWPUYxL0HHCQ7HHYxAXd9wcRK++pUt43w=="
    }
  }
}
